
Microsoft Visual Studio Solution File, Format Version 12.00
# Visual Studio Version 17
VisualStudioVersion = 17.5.002.0
MinimumVisualStudioVersion = 10.0.40219.1
Project("{9A19103F-16F7-4668-BE54-9A1E7A4F7556}") = "Estudo", "Estudo.csproj", "{FCEDCCBB-A171-4439-94BD-620D3042B2ED}"
EndProject
Global
	GlobalSection(SolutionConfigurationPlatforms) = preSolution
		Debug|Any CPU = Debug|Any CPU
		Release|Any CPU = Release|Any CPU
	EndGlobalSection
	GlobalSection(ProjectConfigurationPlatforms) = postSolution
		{FCEDCCBB-A171-4439-94BD-620D3042B2ED}.Debug|Any CPU.ActiveCfg = Debug|Any CPU
		{FCEDCCBB-A171-4439-94BD-620D3042B2ED}.Debug|Any CPU.Build.0 = Debug|Any CPU
		{FCEDCCBB-A171-4439-94BD-620D3042B2ED}.Release|Any CPU.ActiveCfg = Release|Any CPU
		{FCEDCCBB-A171-4439-94BD-620D3042B2ED}.Release|Any CPU.Build.0 = Release|Any CPU
	EndGlobalSection
	GlobalSection(SolutionProperties) = preSolution
		HideSolutionNode = FALSE
	EndGlobalSection
	GlobalSection(ExtensibilityGlobals) = postSolution
		SolutionGuid = {F22DAE42-009D-43F5-A160-C44B1CF25D52}
	EndGlobalSection
EndGlobal
